
Microsoft Visual Studio Solution File, Format Version 12.00
# Visual Studio Version 16
VisualStudioVersion = 16.0.30907.101
MinimumVisualStudioVersion = 10.0.40219.1
Project("{8BC9CEB8-8B4A-11D0-8D11-00A0C91BC942}") = "part-win", "part-win\part-win.vcxproj", "{CE9E8CCE-C281-4277-A190-7CD9DD3394E4}"
EndProject
Project("{8BC9CEB8-8B4A-11D0-8D11-00A0C91BC942}") = "part-arduino", "part-arduino\part-arduino.vcxproj", "{C5F80730-F44F-4478-BDAE-6634EFC2CA88}"
EndProject
Project("{8BC9CEB8-8B4A-11D0-8D11-00A0C91BC942}") = "part-common", "part-common\part-common.vcxproj", "{7443E91C-0C5A-425A-9653-91BA7D0E6092}"
EndProject
Global
	GlobalSection(SolutionConfigurationPlatforms) = preSolution
		Debug|x64 = Debug|x64
		Debug|x86 = Debug|x86
		Release|x64 = Release|x64
		Release|x86 = Release|x86
	EndGlobalSection
	GlobalSection(ProjectConfigurationPlatforms) = postSolution
		{CE9E8CCE-C281-4277-A190-7CD9DD3394E4}.Debug|x64.ActiveCfg = Debug|x64
		{CE9E8CCE-C281-4277-A190-7CD9DD3394E4}.Debug|x64.Build.0 = Debug|x64
		{CE9E8CCE-C281-4277-A190-7CD9DD3394E4}.Debug|x86.ActiveCfg = Debug|Win32
		{CE9E8CCE-C281-4277-A190-7CD9DD3394E4}.Debug|x86.Build.0 = Debug|Win32
		{CE9E8CCE-C281-4277-A190-7CD9DD3394E4}.Release|x64.ActiveCfg = Release|x64
		{CE9E8CCE-C281-4277-A190-7CD9DD3394E4}.Release|x64.Build.0 = Release|x64
		{CE9E8CCE-C281-4277-A190-7CD9DD3394E4}.Release|x86.ActiveCfg = Release|Win32
		{CE9E8CCE-C281-4277-A190-7CD9DD3394E4}.Release|x86.Build.0 = Release|Win32
		{C5F80730-F44F-4478-BDAE-6634EFC2CA88}.Debug|x64.ActiveCfg = Debug|Win32
		{C5F80730-F44F-4478-BDAE-6634EFC2CA88}.Debug|x86.ActiveCfg = Debug|Win32
		{C5F80730-F44F-4478-BDAE-6634EFC2CA88}.Debug|x86.Build.0 = Debug|Win32
		{C5F80730-F44F-4478-BDAE-6634EFC2CA88}.Release|x64.ActiveCfg = Release|Win32
		{C5F80730-F44F-4478-BDAE-6634EFC2CA88}.Release|x86.ActiveCfg = Release|Win32
		{C5F80730-F44F-4478-BDAE-6634EFC2CA88}.Release|x86.Build.0 = Release|Win32
		{7443E91C-0C5A-425A-9653-91BA7D0E6092}.Debug|x64.ActiveCfg = Debug|x64
		{7443E91C-0C5A-425A-9653-91BA7D0E6092}.Debug|x64.Build.0 = Debug|x64
		{7443E91C-0C5A-425A-9653-91BA7D0E6092}.Debug|x86.ActiveCfg = Debug|Win32
		{7443E91C-0C5A-425A-9653-91BA7D0E6092}.Debug|x86.Build.0 = Debug|Win32
		{7443E91C-0C5A-425A-9653-91BA7D0E6092}.Release|x64.ActiveCfg = Release|x64
		{7443E91C-0C5A-425A-9653-91BA7D0E6092}.Release|x64.Build.0 = Release|x64
		{7443E91C-0C5A-425A-9653-91BA7D0E6092}.Release|x86.ActiveCfg = Release|Win32
		{7443E91C-0C5A-425A-9653-91BA7D0E6092}.Release|x86.Build.0 = Release|Win32
	EndGlobalSection
	GlobalSection(SolutionProperties) = preSolution
		HideSolutionNode = FALSE
	EndGlobalSection
	GlobalSection(ExtensibilityGlobals) = postSolution
		SolutionGuid = {C2B19460-864D-4D51-A1BF-16AB28BC3496}
	EndGlobalSection
EndGlobal
